
Microsoft Visual Studio Solution File, Format Version 12.00
# Visual Studio Version 17
VisualStudioVersion = 17.3.32825.248
MinimumVisualStudioVersion = 10.0.40219.1
Project("{FAE04EC0-301F-11D3-BF4B-00C04F79EFBC}") = "CacheAOP.API", "CacheAOP.API\CacheAOP.API.csproj", "{46ED35D0-3EDB-4124-9A85-4DEB11071ABD}"
EndProject
Project("{FAE04EC0-301F-11D3-BF4B-00C04F79EFBC}") = "CacheAOP.ACL", "CacheAOP.ACL\CacheAOP.ACL.csproj", "{9C824A94-AC8F-4459-92CC-F2B846FAA6D7}"
EndProject
Global
	GlobalSection(SolutionConfigurationPlatforms) = preSolution
		Debug|Any CPU = Debug|Any CPU
		Release|Any CPU = Release|Any CPU
	EndGlobalSection
	GlobalSection(ProjectConfigurationPlatforms) = postSolution
		{46ED35D0-3EDB-4124-9A85-4DEB11071ABD}.Debug|Any CPU.ActiveCfg = Debug|Any CPU
		{46ED35D0-3EDB-4124-9A85-4DEB11071ABD}.Debug|Any CPU.Build.0 = Debug|Any CPU
		{46ED35D0-3EDB-4124-9A85-4DEB11071ABD}.Release|Any CPU.ActiveCfg = Release|Any CPU
		{46ED35D0-3EDB-4124-9A85-4DEB11071ABD}.Release|Any CPU.Build.0 = Release|Any CPU
		{9C824A94-AC8F-4459-92CC-F2B846FAA6D7}.Debug|Any CPU.ActiveCfg = Debug|Any CPU
		{9C824A94-AC8F-4459-92CC-F2B846FAA6D7}.Debug|Any CPU.Build.0 = Debug|Any CPU
		{9C824A94-AC8F-4459-92CC-F2B846FAA6D7}.Release|Any CPU.ActiveCfg = Release|Any CPU
		{9C824A94-AC8F-4459-92CC-F2B846FAA6D7}.Release|Any CPU.Build.0 = Release|Any CPU
	EndGlobalSection
	GlobalSection(SolutionProperties) = preSolution
		HideSolutionNode = FALSE
	EndGlobalSection
	GlobalSection(ExtensibilityGlobals) = postSolution
		SolutionGuid = {D8B66188-F35D-4BD5-B8EA-1A505DEC34E0}
	EndGlobalSection
EndGlobal
